
Microsoft Visual Studio Solution File, Format Version 12.00
# Visual Studio Version 16
VisualStudioVersion = 16.0.31321.278
MinimumVisualStudioVersion = 10.0.40219.1
Project("{FAE04EC0-301F-11D3-BF4B-00C04F79EFBC}") = "ScreenshotManager", "ScreenshotManager\ScreenshotManager.csproj", "{526648BD-A33B-4CE9-9180-7EF04E8BFA09}"
EndProject
Global
	GlobalSection(SolutionConfigurationPlatforms) = preSolution
		Debug|Any CPU = Debug|Any CPU
		Release|Any CPU = Release|Any CPU
	EndGlobalSection
	GlobalSection(ProjectConfigurationPlatforms) = postSolution
		{526648BD-A33B-4CE9-9180-7EF04E8BFA09}.Debug|Any CPU.ActiveCfg = Debug|Any CPU
		{526648BD-A33B-4CE9-9180-7EF04E8BFA09}.Debug|Any CPU.Build.0 = Debug|Any CPU
		{526648BD-A33B-4CE9-9180-7EF04E8BFA09}.Release|Any CPU.ActiveCfg = Release|Any CPU
		{526648BD-A33B-4CE9-9180-7EF04E8BFA09}.Release|Any CPU.Build.0 = Release|Any CPU
	EndGlobalSection
	GlobalSection(SolutionProperties) = preSolution
		HideSolutionNode = FALSE
	EndGlobalSection
	GlobalSection(ExtensibilityGlobals) = postSolution
		SolutionGuid = {C5E4A05A-40C5-4A60-99EF-1F7CF921841D}
	EndGlobalSection
EndGlobal
